{
  "name": "ars-noctis",
  "version": "0.1.0",
  "lockfileVersion": 3,
  "requires": true,
  "packages": {
    "": {
      "name": "ars-noctis",
      "version": "0.1.0",
      "license": "MIT",
      "bin": {
        "ars-noctis": "bin/ars-noctis.mjs"
      },
      "engines": {
        "node": ">=22"
      }
    }
  }
}
